
Microsoft Visual Studio Solution File, Format Version 12.00
# Visual Studio Version 17
VisualStudioVersion = 17.8.34525.116
MinimumVisualStudioVersion = 10.0.40219.1
Project("{FAE04EC0-301F-11D3-BF4B-00C04F79EFBC}") = "clase de windows for 1#", "clase de windows for 1#\clase de windows for 1#.csproj", "{A414BD3D-1FD0-41B7-BB41-22ED520663B0}"
EndProject
Global
	GlobalSection(SolutionConfigurationPlatforms) = preSolution
		Debug|Any CPU = Debug|Any CPU
		Release|Any CPU = Release|Any CPU
	EndGlobalSection
	GlobalSection(ProjectConfigurationPlatforms) = postSolution
		{A414BD3D-1FD0-41B7-BB41-22ED520663B0}.Debug|Any CPU.ActiveCfg = Debug|Any CPU
		{A414BD3D-1FD0-41B7-BB41-22ED520663B0}.Debug|Any CPU.Build.0 = Debug|Any CPU
		{A414BD3D-1FD0-41B7-BB41-22ED520663B0}.Release|Any CPU.ActiveCfg = Release|Any CPU
		{A414BD3D-1FD0-41B7-BB41-22ED520663B0}.Release|Any CPU.Build.0 = Release|Any CPU
	EndGlobalSection
	GlobalSection(SolutionProperties) = preSolution
		HideSolutionNode = FALSE
	EndGlobalSection
	GlobalSection(ExtensibilityGlobals) = postSolution
		SolutionGuid = {C2B4F234-7EDD-43D2-97EA-7AE4FB60ACD8}
	EndGlobalSection
EndGlobal
